
Microsoft Visual Studio Solution File, Format Version 12.00
# Visual Studio 15
VisualStudioVersion = 15.0.28010.2041
MinimumVisualStudioVersion = 10.0.40219.1
Project("{FAE04EC0-301F-11D3-BF4B-00C04F79EFBC}") = "WpfApp3", "WpfApp3\WpfApp3.csproj", "{FF91BD9D-7AD1-4D18-926A-2AEF06ECA531}"
EndProject
Project("{FAE04EC0-301F-11D3-BF4B-00C04F79EFBC}") = "UnitTestProject1", "UnitTestProject1\UnitTestProject1.csproj", "{0651D819-3044-4170-8C71-6178C72A54EE}"
EndProject
Project("{9A19103F-16F7-4668-BE54-9A1E7A4F7556}") = "ClassLibrary1", "ClassLibrary1\ClassLibrary1.csproj", "{4F92628C-5408-489E-ADF1-BB3545805A4A}"
EndProject
Project("{FAE04EC0-301F-11D3-BF4B-00C04F79EFBC}") = "ConsoleApp2", "ConsoleApp2\ConsoleApp2.csproj", "{80C7A37A-4C62-4738-9F18-F0F0C428DA38}"
EndProject
Global
	GlobalSection(SolutionConfigurationPlatforms) = preSolution
		Debug|Any CPU = Debug|Any CPU
		Debug|ARM = Debug|ARM
		Debug|x64 = Debug|x64
		Debug|x86 = Debug|x86
		Release|Any CPU = Release|Any CPU
		Release|ARM = Release|ARM
		Release|x64 = Release|x64
		Release|x86 = Release|x86
	EndGlobalSection
	GlobalSection(ProjectConfigurationPlatforms) = postSolution
		{FF91BD9D-7AD1-4D18-926A-2AEF06ECA531}.Debug|Any CPU.ActiveCfg = Debug|Any CPU
		{FF91BD9D-7AD1-4D18-926A-2AEF06ECA531}.Debug|Any CPU.Build.0 = Debug|Any CPU
		{FF91BD9D-7AD1-4D18-926A-2AEF06ECA531}.Debug|ARM.ActiveCfg = Debug|Any CPU
		{FF91BD9D-7AD1-4D18-926A-2AEF06ECA531}.Debug|ARM.Build.0 = Debug|Any CPU
		{FF91BD9D-7AD1-4D18-926A-2AEF06ECA531}.Debug|x64.ActiveCfg = Debug|Any CPU
		{FF91BD9D-7AD1-4D18-926A-2AEF06ECA531}.Debug|x64.Build.0 = Debug|Any CPU
		{FF91BD9D-7AD1-4D18-926A-2AEF06ECA531}.Debug|x86.ActiveCfg = Debug|Any CPU
		{FF91BD9D-7AD1-4D18-926A-2AEF06ECA531}.Debug|x86.Build.0 = Debug|Any CPU
		{FF91BD9D-7AD1-4D18-926A-2AEF06ECA531}.Release|Any CPU.ActiveCfg = Release|Any CPU
		{FF91BD9D-7AD1-4D18-926A-2AEF06ECA531}.Release|Any CPU.Build.0 = Release|Any CPU
		{FF91BD9D-7AD1-4D18-926A-2AEF06ECA531}.Release|ARM.ActiveCfg = Release|Any CPU
		{FF91BD9D-7AD1-4D18-926A-2AEF06ECA531}.Release|ARM.Build.0 = Release|Any CPU
		{FF91BD9D-7AD1-4D18-926A-2AEF06ECA531}.Release|x64.ActiveCfg = Release|Any CPU
		{FF91BD9D-7AD1-4D18-926A-2AEF06ECA531}.Release|x64.Build.0 = Release|Any CPU
		{FF91BD9D-7AD1-4D18-926A-2AEF06ECA531}.Release|x86.ActiveCfg = Release|Any CPU
		{FF91BD9D-7AD1-4D18-926A-2AEF06ECA531}.Release|x86.Build.0 = Release|Any CPU
		{0651D819-3044-4170-8C71-6178C72A54EE}.Debug|Any CPU.ActiveCfg = Debug|Any CPU
		{0651D819-3044-4170-8C71-6178C72A54EE}.Debug|Any CPU.Build.0 = Debug|Any CPU
		{0651D819-3044-4170-8C71-6178C72A54EE}.Debug|ARM.ActiveCfg = Debug|Any CPU
		{0651D819-3044-4170-8C71-6178C72A54EE}.Debug|ARM.Build.0 = Debug|Any CPU
		{0651D819-3044-4170-8C71-6178C72A54EE}.Debug|x64.ActiveCfg = Debug|Any CPU
		{0651D819-3044-4170-8C71-6178C72A54EE}.Debug|x64.Build.0 = Debug|Any CPU
		{0651D819-3044-4170-8C71-6178C72A54EE}.Debug|x86.ActiveCfg = Debug|Any CPU
		{0651D819-3044-4170-8C71-6178C72A54EE}.Debug|x86.Build.0 = Debug|Any CPU
		{0651D819-3044-4170-8C71-6178C72A54EE}.Release|Any CPU.ActiveCfg = Release|Any CPU
		{0651D819-3044-4170-8C71-6178C72A54EE}.Release|Any CPU.Build.0 = Release|Any CPU
		{0651D819-3044-4170-8C71-6178C72A54EE}.Release|ARM.ActiveCfg = Release|Any CPU
		{0651D819-3044-4170-8C71-6178C72A54EE}.Release|ARM.Build.0 = Release|Any CPU
		{0651D819-3044-4170-8C71-6178C72A54EE}.Release|x64.ActiveCfg = Release|Any CPU
		{0651D819-3044-4170-8C71-6178C72A54EE}.Release|x64.Build.0 = Release|Any CPU
		{0651D819-3044-4170-8C71-6178C72A54EE}.Release|x86.ActiveCfg = Release|Any CPU
		{0651D819-3044-4170-8C71-6178C72A54EE}.Release|x86.Build.0 = Release|Any CPU
		{4F92628C-5408-489E-ADF1-BB3545805A4A}.Debug|Any CPU.ActiveCfg = Debug|Any CPU
		{4F92628C-5408-489E-ADF1-BB3545805A4A}.Debug|Any CPU.Build.0 = Debug|Any CPU
		{4F92628C-5408-489E-ADF1-BB3545805A4A}.Debug|ARM.ActiveCfg = Debug|Any CPU
		{4F92628C-5408-489E-ADF1-BB3545805A4A}.Debug|ARM.Build.0 = Debug|Any CPU
		{4F92628C-5408-489E-ADF1-BB3545805A4A}.Debug|x64.ActiveCfg = Debug|Any CPU
		{4F92628C-5408-489E-ADF1-BB3545805A4A}.Debug|x64.Build.0 = Debug|Any CPU
		{4F92628C-5408-489E-ADF1-BB3545805A4A}.Debug|x86.ActiveCfg = Debug|Any CPU
		{4F92628C-5408-489E-ADF1-BB3545805A4A}.Debug|x86.Build.0 = Debug|Any CPU
		{4F92628C-5408-489E-ADF1-BB3545805A4A}.Release|Any CPU.ActiveCfg = Release|Any CPU
		{4F92628C-5408-489E-ADF1-BB3545805A4A}.Release|Any CPU.Build.0 = Release|Any CPU
		{4F92628C-5408-489E-ADF1-BB3545805A4A}.Release|ARM.ActiveCfg = Release|Any CPU
		{4F92628C-5408-489E-ADF1-BB3545805A4A}.Release|ARM.Build.0 = Release|Any CPU
		{4F92628C-5408-489E-ADF1-BB3545805A4A}.Release|x64.ActiveCfg = Release|Any CPU
		{4F92628C-5408-489E-ADF1-BB3545805A4A}.Release|x64.Build.0 = Release|Any CPU
		{4F92628C-5408-489E-ADF1-BB3545805A4A}.Release|x86.ActiveCfg = Release|Any CPU
		{4F92628C-5408-489E-ADF1-BB3545805A4A}.Release|x86.Build.0 = Release|Any CPU
		{80C7A37A-4C62-4738-9F18-F0F0C428DA38}.Debug|Any CPU.ActiveCfg = Debug|Any CPU
		{80C7A37A-4C62-4738-9F18-F0F0C428DA38}.Debug|Any CPU.Build.0 = Debug|Any CPU
		{80C7A37A-4C62-4738-9F18-F0F0C428DA38}.Debug|ARM.ActiveCfg = Debug|Any CPU
		{80C7A37A-4C62-4738-9F18-F0F0C428DA38}.Debug|ARM.Build.0 = Debug|Any CPU
		{80C7A37A-4C62-4738-9F18-F0F0C428DA38}.Debug|x64.ActiveCfg = Debug|Any CPU
		{80C7A37A-4C62-4738-9F18-F0F0C428DA38}.Debug|x64.Build.0 = Debug|Any CPU
		{80C7A37A-4C62-4738-9F18-F0F0C428DA38}.Debug|x86.ActiveCfg = Debug|Any CPU
		{80C7A37A-4C62-4738-9F18-F0F0C428DA38}.Debug|x86.Build.0 = Debug|Any CPU
		{80C7A37A-4C62-4738-9F18-F0F0C428DA38}.Release|Any CPU.ActiveCfg = Release|Any CPU
		{80C7A37A-4C62-4738-9F18-F0F0C428DA38}.Release|Any CPU.Build.0 = Release|Any CPU
		{80C7A37A-4C62-4738-9F18-F0F0C428DA38}.Release|ARM.ActiveCfg = Release|Any CPU
		{80C7A37A-4C62-4738-9F18-F0F0C428DA38}.Release|ARM.Build.0 = Release|Any CPU
		{80C7A37A-4C62-4738-9F18-F0F0C428DA38}.Release|x64.ActiveCfg = Release|Any CPU
		{80C7A37A-4C62-4738-9F18-F0F0C428DA38}.Release|x64.Build.0 = Release|Any CPU
		{80C7A37A-4C62-4738-9F18-F0F0C428DA38}.Release|x86.ActiveCfg = Release|Any CPU
		{80C7A37A-4C62-4738-9F18-F0F0C428DA38}.Release|x86.Build.0 = Release|Any CPU
	EndGlobalSection
	GlobalSection(SolutionProperties) = preSolution
		HideSolutionNode = FALSE
	EndGlobalSection
	GlobalSection(ExtensibilityGlobals) = postSolution
		SolutionGuid = {0075CC57-EC60-46E6-9EBE-D1FD8550BD3A}
	EndGlobalSection
EndGlobal
